uuid: ff587704-ec69-4855-a603-5762133fb116
langcode: en
status: true
dependencies:
  module:
    - hero
  theme:
    - tasker
id: tasker_heroblock
theme: tasker
region: content
weight: 1
provider: null
plugin: hero_block
settings:
  id: hero_block
  label: 'Hero Block'
  provider: hero
  label_display: visible
visibility: {  }
