uuid: bf7a9cb3-b9ee-4d31-8901-524e065a31d8
langcode: en
status: true
dependencies:
  module:
    - hero
  theme:
    - bartik
id: heroblock
theme: bartik
region: content
weight: 1
provider: null
plugin: hero_block
settings:
  id: hero_block
  label: 'Hero Block'
  provider: hero
  label_display: visible
visibility: {  }
